{
  "name": "petbarn",
  "version": "1.0.0",
  "lockfileVersion": 3,
  "requires": true,
  "packages": {
    "": {
      "name": "petbarn",
      "version": "1.0.0",
      "dependencies": {
        "@dcl/hashing": "^1.2.0",
        "@gltf-transform/core": "^4.4.2",
        "@noble/curves": "^1.6.0",
        "@noble/hashes": "^1.5.0"
      },
      "engines": {
        "node": ">=18.0.0"
      }
    },
    "node_modules/@dcl/hashing": {
      "version": "1.2.0",
      "resolved": "https://registry.npmjs.org/@dcl/hashing/-/hashing-1.2.0.tgz",
      "integrity": "sha512-3N1V8L+h2igcENwZhzBdLlm4vNFWi71VivGxyb4sklO1054eySkM4zBfd/n06QFX8g/uVmStekpuWIy9583qGg==",
      "license": "Apache-2.0",
      "dependencies": {
        "@ipld/dag-pb": "^4.1.5",
        "@noble/hashes": "^1.8.0",
        "ethereum-cryptography": "^3.2.0",
        "ipfs-unixfs": "^12.0.2",
        "multiformats": "^13.4.2"
      },
      "engines": {
        "node": ">=22.0.0"
      }
    },
    "node_modules/@gltf-transform/core": {
      "version": "4.4.2",
      "resolved": "https://registry.npmjs.org/@gltf-transform/core/-/core-4.4.2.tgz",
      "integrity": "sha512-qsWKwNSwK+2s834Mt4xbYcyHqCrgNFP7hIv5s487JxebngRfDgelpghNF+kSswGb2/NuapasfK3UViFoSJJoMg==",
      "license": "MIT",
      "dependencies": {
        "property-graph": "^4.1.0"
      },
      "funding": {
        "url": "https://github.com/sponsors/donmccurdy"
      }
    },
    "node_modules/@ipld/dag-pb": {
      "version": "4.1.7",
      "resolved": "https://registry.npmjs.org/@ipld/dag-pb/-/dag-pb-4.1.7.tgz",
      "integrity": "sha512-/i/13trFihjWfDyXlylRwhuYjtzYjvOFw0vlRjYGnZuv7d7MOgA2lV/vRuL5RfeUajM03aZfFLdq4S7cTbbTRg==",
      "license": "Apache-2.0 OR MIT",
      "dependencies": {
        "multiformats": "^14.0.0"
      },
      "engines": {
        "node": ">=16.0.0",
        "npm": ">=7.0.0"
      }
    },
    "node_modules/@ipld/dag-pb/node_modules/multiformats": {
      "version": "14.0.5",
      "resolved": "https://registry.npmjs.org/multiformats/-/multiformats-14.0.5.tgz",
      "integrity": "sha512-vbIm83F2yZ1pWJGS0yl0ysracIvv56LtbrIyiIQHoLdYDJOMoLfVFsXhh9DUH4SFdkdkFhucyWniihsNzVEjkQ==",
      "license": "Apache-2.0 OR MIT"
    },
    "node_modules/@noble/ciphers": {
      "version": "1.3.0",
      "resolved": "https://registry.npmjs.org/@noble/ciphers/-/ciphers-1.3.0.tgz",
      "integrity": "sha512-2I0gnIVPtfnMw9ee9h1dJG7tp81+8Ob3OJb3Mv37rx5L40/b0i7djjCVvGOVqc9AEIQyvyu1i6ypKdFw8R8gQw==",
      "license": "MIT",
      "engines": {
        "node": "^14.21.3 || >=16"
      },
      "funding": {
        "url": "https://paulmillr.com/funding/"
      }
    },
    "node_modules/@noble/curves": {
      "version": "1.9.0",
      "resolved": "https://registry.npmjs.org/@noble/curves/-/curves-1.9.0.tgz",
      "integrity": "sha512-7YDlXiNMdO1YZeH6t/kvopHHbIZzlxrCV9WLqCY6QhcXOoXiNCMDqJIglZ9Yjx5+w7Dz30TITFrlTjnRg7sKEg==",
      "license": "MIT",
      "dependencies": {
        "@noble/hashes": "1.8.0"
      },
      "engines": {
        "node": "^14.21.3 || >=16"
      },
      "funding": {
        "url": "https://paulmillr.com/funding/"
      }
    },
    "node_modules/@noble/hashes": {
      "version": "1.8.0",
      "resolved": "https://registry.npmjs.org/@noble/hashes/-/hashes-1.8.0.tgz",
      "integrity": "sha512-jCs9ldd7NwzpgXDIf6P3+NrHh9/sD6CQdxHyjQI+h/6rDNo88ypBxxz45UDuZHz9r3tNz7N/VInSVoVdtXEI4A==",
      "license": "MIT",
      "engines": {
        "node": "^14.21.3 || >=16"
      },
      "funding": {
        "url": "https://paulmillr.com/funding/"
      }
    },
    "node_modules/@scure/base": {
      "version": "1.2.6",
      "resolved": "https://registry.npmjs.org/@scure/base/-/base-1.2.6.tgz",
      "integrity": "sha512-g/nm5FgUa//MCj1gV09zTJTaM6KBAHqLN907YVQqf7zC49+DcO4B1so4ZX07Ef10Twr6nuqYEH9GEggFXA4Fmg==",
      "license": "MIT",
      "funding": {
        "url": "https://paulmillr.com/funding/"
      }
    },
    "node_modules/@scure/bip32": {
      "version": "1.7.0",
      "resolved": "https://registry.npmjs.org/@scure/bip32/-/bip32-1.7.0.tgz",
      "integrity": "sha512-E4FFX/N3f4B80AKWp5dP6ow+flD1LQZo/w8UnLGYZO674jS6YnYeepycOOksv+vLPSpgN35wgKgy+ybfTb2SMw==",
      "license": "MIT",
      "dependencies": {
        "@noble/curves": "~1.9.0",
        "@noble/hashes": "~1.8.0",
        "@scure/base": "~1.2.5"
      },
      "funding": {
        "url": "https://paulmillr.com/funding/"
      }
    },
    "node_modules/@scure/bip39": {
      "version": "1.6.0",
      "resolved": "https://registry.npmjs.org/@scure/bip39/-/bip39-1.6.0.tgz",
      "integrity": "sha512-+lF0BbLiJNwVlev4eKelw1WWLaiKXw7sSl8T6FvBlWkdX+94aGJ4o8XjUdlyhTCjd8c+B3KT3JfS8P0bLRNU6A==",
      "license": "MIT",
      "dependencies": {
        "@noble/hashes": "~1.8.0",
        "@scure/base": "~1.2.5"
      },
      "funding": {
        "url": "https://paulmillr.com/funding/"
      }
    },
    "node_modules/ethereum-cryptography": {
      "version": "3.2.0",
      "resolved": "https://registry.npmjs.org/ethereum-cryptography/-/ethereum-cryptography-3.2.0.tgz",
      "integrity": "sha512-Urr5YVsalH+Jo0sYkTkv1MyI9bLYZwW8BENZCeE1QYaTHETEYx0Nv/SVsWkSqpYrzweg6d8KMY1wTjH/1m/BIg==",
      "license": "MIT",
      "dependencies": {
        "@noble/ciphers": "1.3.0",
        "@noble/curves": "1.9.0",
        "@noble/hashes": "1.8.0",
        "@scure/bip32": "1.7.0",
        "@scure/bip39": "1.6.0"
      },
      "engines": {
        "node": "^14.21.3 || >=16",
        "npm": ">=9"
      }
    },
    "node_modules/ipfs-unixfs": {
      "version": "12.0.2",
      "resolved": "https://registry.npmjs.org/ipfs-unixfs/-/ipfs-unixfs-12.0.2.tgz",
      "integrity": "sha512-uZ3rutVVZZ+tw52P+sgDSgOSK6ztExJVlfCjKvSD+NIEVlWQPDeKgdSFm+Kxchmgp7t6g1h+dzir+NgY+VsQXg==",
      "license": "Apache-2.0 OR MIT",
      "dependencies": {
        "protons-runtime": "^6.0.1",
        "uint8arraylist": "^2.4.8"
      }
    },
    "node_modules/multiformats": {
      "version": "13.4.2",
      "resolved": "https://registry.npmjs.org/multiformats/-/multiformats-13.4.2.tgz",
      "integrity": "sha512-eh6eHCrRi1+POZ3dA+Dq1C6jhP1GNtr9CRINMb67OKzqW9I5DUuZM/3jLPlzhgpGeiNUlEGEbkCYChXMCc/8DQ==",
      "license": "Apache-2.0 OR MIT"
    },
    "node_modules/property-graph": {
      "version": "4.1.0",
      "resolved": "https://registry.npmjs.org/property-graph/-/property-graph-4.1.0.tgz",
      "integrity": "sha512-AvPcP7XECNWy4LGmFQ77k7un4lSKM4eS29PTvW4ck95uYeLxXPWJM7hLuBqK91FaHqCcgJvIUCuNJjjxKE7VKQ==",
      "license": "MIT"
    },
    "node_modules/protons-runtime": {
      "version": "6.0.2",
      "resolved": "https://registry.npmjs.org/protons-runtime/-/protons-runtime-6.0.2.tgz",
      "integrity": "sha512-hiyjyANwGcgmzc+tXc1/ZcSZhKnl5MDjaVNWkISHBgadaU0sjTgKIKZMZ62d9J9zlSTyKHCs/osPkQ/3Z+7yeA==",
      "license": "Apache-2.0 OR MIT",
      "dependencies": {
        "uint8-varint": "^2.0.4",
        "uint8arraylist": "^2.4.8",
        "uint8arrays": "^5.1.0"
      }
    },
    "node_modules/uint8-varint": {
      "version": "2.0.5",
      "resolved": "https://registry.npmjs.org/uint8-varint/-/uint8-varint-2.0.5.tgz",
      "integrity": "sha512-jeFLbL/x30wBRnWjKE1qVBXeumG46r7XmYkpis955lTQ+blccGKFrOsSMHlxePwYB1pI7L8YPHz1t4jLxEs3nA==",
      "license": "Apache-2.0 OR MIT",
      "dependencies": {
        "uint8arraylist": "^2.0.0",
        "uint8arrays": "^5.0.0"
      }
    },
    "node_modules/uint8arraylist": {
      "version": "2.4.9",
      "resolved": "https://registry.npmjs.org/uint8arraylist/-/uint8arraylist-2.4.9.tgz",
      "integrity": "sha512-KxWjyEFzchzik3aoQlK66oaoxIReoMo5bQRm1fcjBUZvE8xv/tyR3CTKhjh6K/faV8VaF6hd5pjr45CzbwuwkA==",
      "license": "Apache-2.0 OR MIT",
      "dependencies": {
        "uint8arrays": "^5.0.1"
      }
    },
    "node_modules/uint8arrays": {
      "version": "5.1.1",
      "resolved": "https://registry.npmjs.org/uint8arrays/-/uint8arrays-5.1.1.tgz",
      "integrity": "sha512-9muQwa4wZG4dKi9gMAIBtnk2Pw87SRpvWTH6lOGm19V2Uqxr4uomUf2PGqPnWc+qs06sN8owUU4jfcoWOcfwVQ==",
      "license": "Apache-2.0 OR MIT",
      "dependencies": {
        "multiformats": "^13.0.0"
      }
    }
  }
}
